
Microsoft Visual Studio Solution File, Format Version 12.00
Project("{FAE04EC0-301F-11D3-BF4B-00C04F79EFBC}") = "ParcialPOO2", "ParcialPOO2.csproj", "{1CD97FB1-17F5-47D9-91FA-C60F6AAEFD8A}"
EndProject
Global
	GlobalSection(SolutionConfigurationPlatforms) = preSolution
		Debug|Any CPU = Debug|Any CPU
		Release|Any CPU = Release|Any CPU
	EndGlobalSection
	GlobalSection(ProjectConfigurationPlatforms) = postSolution
		{1CD97FB1-17F5-47D9-91FA-C60F6AAEFD8A}.Debug|Any CPU.ActiveCfg = Debug|Any CPU
		{1CD97FB1-17F5-47D9-91FA-C60F6AAEFD8A}.Debug|Any CPU.Build.0 = Debug|Any CPU
		{1CD97FB1-17F5-47D9-91FA-C60F6AAEFD8A}.Release|Any CPU.ActiveCfg = Release|Any CPU
		{1CD97FB1-17F5-47D9-91FA-C60F6AAEFD8A}.Release|Any CPU.Build.0 = Release|Any CPU
	EndGlobalSection
EndGlobal
